
Microsoft Visual Studio Solution File, Format Version 12.00
# Visual Studio Version 16
VisualStudioVersion = 16.0.30204.135
MinimumVisualStudioVersion = 10.0.40219.1
Project("{FAE04EC0-301F-11D3-BF4B-00C04F79EFBC}") = "rPrestamosDetallado_Moras", "rPrestamosDetallado_Moras.csproj", "{8773C147-AC14-4618-A295-9FD27AA04466}"
EndProject
Global
	GlobalSection(SolutionConfigurationPlatforms) = preSolution
		Debug|Any CPU = Debug|Any CPU
		Release|Any CPU = Release|Any CPU
	EndGlobalSection
	GlobalSection(ProjectConfigurationPlatforms) = postSolution
		{8773C147-AC14-4618-A295-9FD27AA04466}.Debug|Any CPU.ActiveCfg = Debug|Any CPU
		{8773C147-AC14-4618-A295-9FD27AA04466}.Debug|Any CPU.Build.0 = Debug|Any CPU
		{8773C147-AC14-4618-A295-9FD27AA04466}.Release|Any CPU.ActiveCfg = Release|Any CPU
		{8773C147-AC14-4618-A295-9FD27AA04466}.Release|Any CPU.Build.0 = Release|Any CPU
	EndGlobalSection
	GlobalSection(SolutionProperties) = preSolution
		HideSolutionNode = FALSE
	EndGlobalSection
	GlobalSection(ExtensibilityGlobals) = postSolution
		SolutionGuid = {29F20B20-4685-4129-B295-917CF9D4B399}
	EndGlobalSection
EndGlobal
